
Microsoft Visual Studio Solution File, Format Version 12.00
# Visual Studio Version 17
VisualStudioVersion = 17.0.31903.59
MinimumVisualStudioVersion = 10.0.40219.1
Project("{FAE04EC0-301F-11D3-BF4B-00C04F79EFBC}") = "RockScissorsPaperSimulation", "RockScissorsPaperSimulation\RockScissorsPaperSimulation.csproj", "{182D7301-3022-4812-92B5-A19916062C79}"
EndProject
Global
	GlobalSection(SolutionConfigurationPlatforms) = preSolution
		Debug|Any CPU = Debug|Any CPU
		Release|Any CPU = Release|Any CPU
	EndGlobalSection
	GlobalSection(ProjectConfigurationPlatforms) = postSolution
		{182D7301-3022-4812-92B5-A19916062C79}.Debug|Any CPU.ActiveCfg = Debug|Any CPU
		{182D7301-3022-4812-92B5-A19916062C79}.Debug|Any CPU.Build.0 = Debug|Any CPU
		{182D7301-3022-4812-92B5-A19916062C79}.Release|Any CPU.ActiveCfg = Release|Any CPU
		{182D7301-3022-4812-92B5-A19916062C79}.Release|Any CPU.Build.0 = Release|Any CPU
	EndGlobalSection
	GlobalSection(SolutionProperties) = preSolution
		HideSolutionNode = FALSE
	EndGlobalSection
	GlobalSection(ExtensibilityGlobals) = postSolution
		SolutionGuid = {D0134EBA-2E05-4734-AE2F-D302D242CC99}
	EndGlobalSection
EndGlobal
